
Microsoft Visual Studio Solution File, Format Version 9.00
# Visual C# Express 2005
Project("{FAE04EC0-301F-11D3-BF4B-00C04F79EFBC}") = "ZeusClassReference", "ZeusClassReference.csproj", "{CE8A697D-D45C-4E60-838D-E36980227543}"
EndProject
Project("{FAE04EC0-301F-11D3-BF4B-00C04F79EFBC}") = "MyMeta", "..\..\..\..\mymeta\MyMeta.csproj", "{72BEAB1C-B55F-4F0E-89AF-17F71E74A452}"
EndProject
Project("{FAE04EC0-301F-11D3-BF4B-00C04F79EFBC}") = "PluginInterfaces", "..\..\..\..\mygeneration\EngineInterface\PluginInterfaces.csproj", "{61B369D1-95DD-4158-9F30-2E051CEB9D50}"
EndProject
Global
	GlobalSection(SolutionConfigurationPlatforms) = preSolution
		Debug|Any CPU = Debug|Any CPU
		Release|Any CPU = Release|Any CPU
	EndGlobalSection
	GlobalSection(ProjectConfigurationPlatforms) = postSolution
		{CE8A697D-D45C-4E60-838D-E36980227543}.Debug|Any CPU.ActiveCfg = Debug|Any CPU
		{CE8A697D-D45C-4E60-838D-E36980227543}.Debug|Any CPU.Build.0 = Debug|Any CPU
		{CE8A697D-D45C-4E60-838D-E36980227543}.Release|Any CPU.ActiveCfg = Release|Any CPU
		{CE8A697D-D45C-4E60-838D-E36980227543}.Release|Any CPU.Build.0 = Release|Any CPU
		{72BEAB1C-B55F-4F0E-89AF-17F71E74A452}.Debug|Any CPU.ActiveCfg = Debug|Any CPU
		{72BEAB1C-B55F-4F0E-89AF-17F71E74A452}.Debug|Any CPU.Build.0 = Debug|Any CPU
		{72BEAB1C-B55F-4F0E-89AF-17F71E74A452}.Release|Any CPU.ActiveCfg = Release|Any CPU
		{72BEAB1C-B55F-4F0E-89AF-17F71E74A452}.Release|Any CPU.Build.0 = Release|Any CPU
		{61B369D1-95DD-4158-9F30-2E051CEB9D50}.Debug|Any CPU.ActiveCfg = Debug|Any CPU
		{61B369D1-95DD-4158-9F30-2E051CEB9D50}.Debug|Any CPU.Build.0 = Debug|Any CPU
		{61B369D1-95DD-4158-9F30-2E051CEB9D50}.Release|Any CPU.ActiveCfg = Release|Any CPU
		{61B369D1-95DD-4158-9F30-2E051CEB9D50}.Release|Any CPU.Build.0 = Release|Any CPU
	EndGlobalSection
	GlobalSection(SolutionProperties) = preSolution
		HideSolutionNode = FALSE
	EndGlobalSection
EndGlobal
